// !$*UTF8*$!
{
	archiveVersion = 1;
	classes = {
	};
	objectVersion = 52;
	objects = {

/* Begin PBXBuildFile section */
		CE05494F264E88D700832CF9 /* RegistrationClubsViewController.swift in Sources */ = {isa = PBXBuildFile; fileRef = CE05494D264E88D700832CF9 /* RegistrationClubsViewController.swift */; };
		CE054950264E88D700832CF9 /* RegistrationClubsViewController.xib in Resources */ = {isa = PBXBuildFile; fileRef = CE05494E264E88D700832CF9 /* RegistrationClubsViewController.xib */; };
		CE054953264E895E00832CF9 /* RegistrationClubsPresenter.swift in Sources */ = {isa = PBXBuildFile; fileRef = CE054952264E895E00832CF9 /* RegistrationClubsPresenter.swift */; };
		CE054956264E899200832CF9 /* RegistrationClubsInteractor.swift in Sources */ = {isa = PBXBuildFile; fileRef = CE054955264E899200832CF9 /* RegistrationClubsInteractor.swift */; };
		CE054959264E987200832CF9 /* UITableViewExtensions.swift in Sources */ = {isa = PBXBuildFile; fileRef = CE054958264E987200832CF9 /* UITableViewExtensions.swift */; };
		CE05495C264E98A700832CF9 /* UITableViewCellExtension.swift in Sources */ = {isa = PBXBuildFile; fileRef = CE05495B264E98A700832CF9 /* UITableViewCellExtension.swift */; };
		CE054961264E98E500832CF9 /* ClubsTableViewCell.swift in Sources */ = {isa = PBXBuildFile; fileRef = CE05495F264E98E500832CF9 /* ClubsTableViewCell.swift */; };
		CE054962264E98E500832CF9 /* ClubsTableViewCell.xib in Resources */ = {isa = PBXBuildFile; fileRef = CE054960264E98E500832CF9 /* ClubsTableViewCell.xib */; };
		CE054965264ECF9C00832CF9 /* SuccessRegistration.swift in Sources */ = {isa = PBXBuildFile; fileRef = CE054964264ECF9C00832CF9 /* SuccessRegistration.swift */; };
		CE054968264ED1F900832CF9 /* ApplicationRouter.swift in Sources */ = {isa = PBXBuildFile; fileRef = CE054967264ED1F900832CF9 /* ApplicationRouter.swift */; };
		CE270BF02652A4CE001A0C90 /* ResponseStatus.swift in Sources */ = {isa = PBXBuildFile; fileRef = CE270BEC2652A4CD001A0C90 /* ResponseStatus.swift */; };
		CE270BF12652A4CE001A0C90 /* ApplicationError.swift in Sources */ = {isa = PBXBuildFile; fileRef = CE270BED2652A4CD001A0C90 /* ApplicationError.swift */; };
		CE270BF22652A4CE001A0C90 /* Meta.swift in Sources */ = {isa = PBXBuildFile; fileRef = CE270BEE2652A4CE001A0C90 /* Meta.swift */; };
		CE270BF32652A4CE001A0C90 /* Error.swift in Sources */ = {isa = PBXBuildFile; fileRef = CE270BEF2652A4CE001A0C90 /* Error.swift */; };
		CE533A172649859800268639 /* SwiftMessages in Frameworks */ = {isa = PBXBuildFile; productRef = CE533A162649859800268639 /* SwiftMessages */; };
		CE533A1B2649875F00268639 /* PromiseKit in Frameworks */ = {isa = PBXBuildFile; productRef = CE533A1A2649875F00268639 /* PromiseKit */; };
		CE533A1F2649A06100268639 /* Moya in Frameworks */ = {isa = PBXBuildFile; productRef = CE533A1E2649A06100268639 /* Moya */; };
		CE533A252649A08C00268639 /* NiblessNavigationController.swift in Sources */ = {isa = PBXBuildFile; fileRef = CE533A242649A08C00268639 /* NiblessNavigationController.swift */; };
		CE89D997265295D400369597 /* ViewController.swift in Sources */ = {isa = PBXBuildFile; fileRef = CE89D995265295D400369597 /* ViewController.swift */; };
		CE89D998265295D400369597 /* ViewController.xib in Resources */ = {isa = PBXBuildFile; fileRef = CE89D996265295D400369597 /* ViewController.xib */; };
		CE90561C26497215001CE677 /* AppDelegate.swift in Sources */ = {isa = PBXBuildFile; fileRef = CE90561B26497215001CE677 /* AppDelegate.swift */; };
		CE90561E26497215001CE677 /* SceneDelegate.swift in Sources */ = {isa = PBXBuildFile; fileRef = CE90561D26497215001CE677 /* SceneDelegate.swift */; };
		CE90562526497218001CE677 /* Assets.xcassets in Resources */ = {isa = PBXBuildFile; fileRef = CE90562426497218001CE677 /* Assets.xcassets */; };
		CE90562826497218001CE677 /* LaunchScreen.storyboard in Resources */ = {isa = PBXBuildFile; fileRef = CE90562626497218001CE677 /* LaunchScreen.storyboard */; };
		CE90563326497244001CE677 /* RegisterationFormViewController.swift in Sources */ = {isa = PBXBuildFile; fileRef = CE90563126497244001CE677 /* RegisterationFormViewController.swift */; };
		CE90563426497244001CE677 /* RegisterationFormViewController.xib in Resources */ = {isa = PBXBuildFile; fileRef = CE90563226497244001CE677 /* RegisterationFormViewController.xib */; };
		CED293B02649BDD000EF9B47 /* Club.swift in Sources */ = {isa = PBXBuildFile; fileRef = CED293AE2649BDD000EF9B47 /* Club.swift */; };
		CED293B12649BDD000EF9B47 /* Addres.swift in Sources */ = {isa = PBXBuildFile; fileRef = CED293AF2649BDD000EF9B47 /* Addres.swift */; };
		CED293B52649BFD200EF9B47 /* Environment.swift in Sources */ = {isa = PBXBuildFile; fileRef = CED293B42649BFD200EF9B47 /* Environment.swift */; };
		CED293B92649C33D00EF9B47 /* NetworkManger.swift in Sources */ = {isa = PBXBuildFile; fileRef = CED293B82649C33D00EF9B47 /* NetworkManger.swift */; };
		CED293BC2649C66400EF9B47 /* AuthonticationTargetType.swift in Sources */ = {isa = PBXBuildFile; fileRef = CED293BB2649C66400EF9B47 /* AuthonticationTargetType.swift */; };
		CEDE3ABC264AF858000DF64E /* InteractorProtocols.swift in Sources */ = {isa = PBXBuildFile; fileRef = CEDE3ABB264AF858000DF64E /* InteractorProtocols.swift */; };
		CEDE3ABF264B1751000DF64E /* RegistrationFormRouter.swift in Sources */ = {isa = PBXBuildFile; fileRef = CEDE3ABE264B1751000DF64E /* RegistrationFormRouter.swift */; };
		CEDE3AC2264B200A000DF64E /* User.swift in Sources */ = {isa = PBXBuildFile; fileRef = CEDE3AC1264B200A000DF64E /* User.swift */; };
		CEDE3AC6264B2520000DF64E /* UIViewcontrollerExtension.swift in Sources */ = {isa = PBXBuildFile; fileRef = CEDE3AC5264B2520000DF64E /* UIViewcontrollerExtension.swift */; };
		CEDE3ACA264B25A4000DF64E /* ConnectionCheck.swift in Sources */ = {isa = PBXBuildFile; fileRef = CEDE3AC9264B25A4000DF64E /* ConnectionCheck.swift */; };
		CEDE3ACE264B264F000DF64E /* RegistrationFormInteractor.swift in Sources */ = {isa = PBXBuildFile; fileRef = CEDE3ACD264B264F000DF64E /* RegistrationFormInteractor.swift */; };
		CEDE3AD1264B2668000DF64E /* RegistrationFormPresenter.swift in Sources */ = {isa = PBXBuildFile; fileRef = CEDE3AD0264B2668000DF64E /* RegistrationFormPresenter.swift */; };
		CEDE3AD5264B27A2000DF64E /* RegistrationClubsRouter.swift in Sources */ = {isa = PBXBuildFile; fileRef = CEDE3AD4264B27A2000DF64E /* RegistrationClubsRouter.swift */; };
/* End PBXBuildFile section */

/* Begin PBXFileReference section */
		CE05494D264E88D700832CF9 /* RegistrationClubsViewController.swift */ = {isa = PBXFileReference; lastKnownFileType = sourcecode.swift; path = RegistrationClubsViewController.swift; sourceTree = "<group>"; };
		CE05494E264E88D700832CF9 /* RegistrationClubsViewController.xib */ = {isa = PBXFileReference; lastKnownFileType = file.xib; path = RegistrationClubsViewController.xib; sourceTree = "<group>"; };
		CE054952264E895E00832CF9 /* RegistrationClubsPresenter.swift */ = {isa = PBXFileReference; lastKnownFileType = sourcecode.swift; path = RegistrationClubsPresenter.swift; sourceTree = "<group>"; };
		CE054955264E899200832CF9 /* RegistrationClubsInteractor.swift */ = {isa = PBXFileReference; lastKnownFileType = sourcecode.swift; path = RegistrationClubsInteractor.swift; sourceTree = "<group>"; };
		CE054958264E987200832CF9 /* UITableViewExtensions.swift */ = {isa = PBXFileReference; lastKnownFileType = sourcecode.swift; path = UITableViewExtensions.swift; sourceTree = "<group>"; };
		CE05495B264E98A700832CF9 /* UITableViewCellExtension.swift */ = {isa = PBXFileReference; lastKnownFileType = sourcecode.swift; path = UITableViewCellExtension.swift; sourceTree = "<group>"; };
		CE05495F264E98E500832CF9 /* ClubsTableViewCell.swift */ = {isa = PBXFileReference; lastKnownFileType = sourcecode.swift; path = ClubsTableViewCell.swift; sourceTree = "<group>"; };
		CE054960264E98E500832CF9 /* ClubsTableViewCell.xib */ = {isa = PBXFileReference; lastKnownFileType = file.xib; path = ClubsTableViewCell.xib; sourceTree = "<group>"; };
		CE054964264ECF9C00832CF9 /* SuccessRegistration.swift */ = {isa = PBXFileReference; lastKnownFileType = sourcecode.swift; path = SuccessRegistration.swift; sourceTree = "<group>"; };
		CE054967264ED1F900832CF9 /* ApplicationRouter.swift */ = {isa = PBXFileReference; lastKnownFileType = sourcecode.swift; path = ApplicationRouter.swift; sourceTree = "<group>"; };
		CE270BEC2652A4CD001A0C90 /* ResponseStatus.swift */ = {isa = PBXFileReference; fileEncoding = 4; lastKnownFileType = sourcecode.swift; path = ResponseStatus.swift; sourceTree = "<group>"; };
		CE270BED2652A4CD001A0C90 /* ApplicationError.swift */ = {isa = PBXFileReference; fileEncoding = 4; lastKnownFileType = sourcecode.swift; path = ApplicationError.swift; sourceTree = "<group>"; };
		CE270BEE2652A4CE001A0C90 /* Meta.swift */ = {isa = PBXFileReference; fileEncoding = 4; lastKnownFileType = sourcecode.swift; path = Meta.swift; sourceTree = "<group>"; };
		CE270BEF2652A4CE001A0C90 /* Error.swift */ = {isa = PBXFileReference; fileEncoding = 4; lastKnownFileType = sourcecode.swift; path = Error.swift; sourceTree = "<group>"; };
		CE533A242649A08C00268639 /* NiblessNavigationController.swift */ = {isa = PBXFileReference; lastKnownFileType = sourcecode.swift; path = NiblessNavigationController.swift; sourceTree = "<group>"; };
		CE89D995265295D400369597 /* ViewController.swift */ = {isa = PBXFileReference; lastKnownFileType = sourcecode.swift; path = ViewController.swift; sourceTree = "<group>"; };
		CE89D996265295D400369597 /* ViewController.xib */ = {isa = PBXFileReference; lastKnownFileType = file.xib; path = ViewController.xib; sourceTree = "<group>"; };
		CE90561826497215001CE677 /* 9round.app */ = {isa = PBXFileReference; explicitFileType = wrapper.application; includeInIndex = 0; path = 9round.app; sourceTree = BUILT_PRODUCTS_DIR; };
		CE90561B26497215001CE677 /* AppDelegate.swift */ = {isa = PBXFileReference; lastKnownFileType = sourcecode.swift; path = AppDelegate.swift; sourceTree = "<group>"; };
		CE90561D26497215001CE677 /* SceneDelegate.swift */ = {isa = PBXFileReference; lastKnownFileType = sourcecode.swift; path = SceneDelegate.swift; sourceTree = "<group>"; };
		CE90562426497218001CE677 /* Assets.xcassets */ = {isa = PBXFileReference; lastKnownFileType = folder.assetcatalog; path = Assets.xcassets; sourceTree = "<group>"; };
		CE90562726497218001CE677 /* Base */ = {isa = PBXFileReference; lastKnownFileType = file.storyboard; name = Base; path = Base.lproj/LaunchScreen.storyboard; sourceTree = "<group>"; };
		CE90562926497218001CE677 /* Info.plist */ = {isa = PBXFileReference; lastKnownFileType = text.plist.xml; path = Info.plist; sourceTree = "<group>"; };
		CE90563126497244001CE677 /* RegisterationFormViewController.swift */ = {isa = PBXFileReference; lastKnownFileType = sourcecode.swift; path = RegisterationFormViewController.swift; sourceTree = "<group>"; };
		CE90563226497244001CE677 /* RegisterationFormViewController.xib */ = {isa = PBXFileReference; lastKnownFileType = file.xib; path = RegisterationFormViewController.xib; sourceTree = "<group>"; };
		CED293AE2649BDD000EF9B47 /* Club.swift */ = {isa = PBXFileReference; fileEncoding = 4; lastKnownFileType = sourcecode.swift; path = Club.swift; sourceTree = "<group>"; };
		CED293AF2649BDD000EF9B47 /* Addres.swift */ = {isa = PBXFileReference; fileEncoding = 4; lastKnownFileType = sourcecode.swift; path = Addres.swift; sourceTree = "<group>"; };
		CED293B42649BFD200EF9B47 /* Environment.swift */ = {isa = PBXFileReference; lastKnownFileType = sourcecode.swift; path = Environment.swift; sourceTree = "<group>"; };
		CED293B82649C33D00EF9B47 /* NetworkManger.swift */ = {isa = PBXFileReference; lastKnownFileType = sourcecode.swift; path = NetworkManger.swift; sourceTree = "<group>"; };
		CED293BB2649C66400EF9B47 /* AuthonticationTargetType.swift */ = {isa = PBXFileReference; lastKnownFileType = sourcecode.swift; path = AuthonticationTargetType.swift; sourceTree = "<group>"; };
		CEDE3ABB264AF858000DF64E /* InteractorProtocols.swift */ = {isa = PBXFileReference; lastKnownFileType = sourcecode.swift; path = InteractorProtocols.swift; sourceTree = "<group>"; };
		CEDE3ABE264B1751000DF64E /* RegistrationFormRouter.swift */ = {isa = PBXFileReference; lastKnownFileType = sourcecode.swift; path = RegistrationFormRouter.swift; sourceTree = "<group>"; };
		CEDE3AC1264B200A000DF64E /* User.swift */ = {isa = PBXFileReference; lastKnownFileType = sourcecode.swift; path = User.swift; sourceTree = "<group>"; };
		CEDE3AC5264B2520000DF64E /* UIViewcontrollerExtension.swift */ = {isa = PBXFileReference; lastKnownFileType = sourcecode.swift; path = UIViewcontrollerExtension.swift; sourceTree = "<group>"; };
		CEDE3AC9264B25A4000DF64E /* ConnectionCheck.swift */ = {isa = PBXFileReference; lastKnownFileType = sourcecode.swift; path = ConnectionCheck.swift; sourceTree = "<group>"; };
		CEDE3ACD264B264F000DF64E /* RegistrationFormInteractor.swift */ = {isa = PBXFileReference; lastKnownFileType = sourcecode.swift; path = RegistrationFormInteractor.swift; sourceTree = "<group>"; };
		CEDE3AD0264B2668000DF64E /* RegistrationFormPresenter.swift */ = {isa = PBXFileReference; lastKnownFileType = sourcecode.swift; path = RegistrationFormPresenter.swift; sourceTree = "<group>"; };
		CEDE3AD4264B27A2000DF64E /* RegistrationClubsRouter.swift */ = {isa = PBXFileReference; lastKnownFileType = sourcecode.swift; path = RegistrationClubsRouter.swift; sourceTree = "<group>"; };
/* End PBXFileReference section */

/* Begin PBXFrameworksBuildPhase section */
		CE90561526497215001CE677 /* Frameworks */ = {
			isa = PBXFrameworksBuildPhase;
			buildActionMask = 2147483647;
			files = (
				CE533A172649859800268639 /* SwiftMessages in Frameworks */,
				CE533A1B2649875F00268639 /* PromiseKit in Frameworks */,
				CE533A1F2649A06100268639 /* Moya in Frameworks */,
			);
			runOnlyForDeploymentPostprocessing = 0;
		};
/* End PBXFrameworksBuildPhase section */

/* Begin PBXGroup section */
		CE05495E264E98C800832CF9 /* Cell */ = {
			isa = PBXGroup;
			children = (
				CE05495F264E98E500832CF9 /* ClubsTableViewCell.swift */,
				CE054960264E98E500832CF9 /* ClubsTableViewCell.xib */,
			);
			path = Cell;
			sourceTree = "<group>";
		};
		CE270BEB2652A49F001A0C90 /* ApplicationError */ = {
			isa = PBXGroup;
			children = (
				CE270BEF2652A4CE001A0C90 /* Error.swift */,
				CE270BEE2652A4CE001A0C90 /* Meta.swift */,
				CE270BEC2652A4CD001A0C90 /* ResponseStatus.swift */,
				CE270BED2652A4CD001A0C90 /* ApplicationError.swift */,
			);
			path = ApplicationError;
			sourceTree = "<group>";
		};
		CE533A0D2649749C00268639 /* SupportingFiles */ = {
			isa = PBXGroup;
			children = (
				CE90562926497218001CE677 /* Info.plist */,
			);
			path = SupportingFiles;
			sourceTree = "<group>";
		};
		CE533A0F2649756800268639 /* Application */ = {
			isa = PBXGroup;
			children = (
				CE90561B26497215001CE677 /* AppDelegate.swift */,
				CE90561D26497215001CE677 /* SceneDelegate.swift */,
				CE054967264ED1F900832CF9 /* ApplicationRouter.swift */,
			);
			path = Application;
			sourceTree = "<group>";
		};
		CE533A112649765800268639 /* Resources */ = {
			isa = PBXGroup;
			children = (
				CE90562426497218001CE677 /* Assets.xcassets */,
			);
			path = Resources;
			sourceTree = "<group>";
		};
		CE533A132649767C00268639 /* LaunchScreen */ = {
			isa = PBXGroup;
			children = (
				CE90562626497218001CE677 /* LaunchScreen.storyboard */,
			);
			path = LaunchScreen;
			sourceTree = "<group>";
		};
		CE533A212649A07500268639 /* CustomClasses */ = {
			isa = PBXGroup;
			children = (
				CE533A242649A08C00268639 /* NiblessNavigationController.swift */,
			);
			path = CustomClasses;
			sourceTree = "<group>";
		};
		CE90560F26497215001CE677 = {
			isa = PBXGroup;
			children = (
				CE90561A26497215001CE677 /* 9round */,
				CE90561926497215001CE677 /* Products */,
			);
			sourceTree = "<group>";
		};
		CE90561926497215001CE677 /* Products */ = {
			isa = PBXGroup;
			children = (
				CE90561826497215001CE677 /* 9round.app */,
			);
			name = Products;
			sourceTree = "<group>";
		};
		CE90561A26497215001CE677 /* 9round */ = {
			isa = PBXGroup;
			children = (
				CEDE3AC8264B259C000DF64E /* Services */,
				CEDE3AC4264B2501000DF64E /* Extension */,
				CEDE3AB9264AF83B000DF64E /* ViperBases */,
				CED293B32649BFB500EF9B47 /* Configuration */,
				CED293AC2649BDD000EF9B47 /* Network */,
				CE533A0F2649756800268639 /* Application */,
				CE533A212649A07500268639 /* CustomClasses */,
				CEC8896F2649A26C00036066 /* Features */,
				CE533A132649767C00268639 /* LaunchScreen */,
				CE533A112649765800268639 /* Resources */,
				CE533A0D2649749C00268639 /* SupportingFiles */,
			);
			path = 9round;
			sourceTree = "<group>";
		};
		CE90563026497230001CE677 /* RegisterationFormViewController */ = {
			isa = PBXGroup;
			children = (
				CE90563126497244001CE677 /* RegisterationFormViewController.swift */,
				CE90563226497244001CE677 /* RegisterationFormViewController.xib */,
				CEDE3ABE264B1751000DF64E /* RegistrationFormRouter.swift */,
				CEDE3ACD264B264F000DF64E /* RegistrationFormInteractor.swift */,
				CEDE3AD0264B2668000DF64E /* RegistrationFormPresenter.swift */,
			);
			path = RegisterationFormViewController;
			sourceTree = "<group>";
		};
		CEC8896F2649A26C00036066 /* Features */ = {
			isa = PBXGroup;
			children = (
				CEC889702649A27E00036066 /* Registration */,
			);
			path = Features;
			sourceTree = "<group>";
		};
		CEC889702649A27E00036066 /* Registration */ = {
			isa = PBXGroup;
			children = (
				CEDE3AD3264B2782000DF64E /* RegistrationClubs */,
				CE90563026497230001CE677 /* RegisterationFormViewController */,
				CE89D995265295D400369597 /* ViewController.swift */,
				CE89D996265295D400369597 /* ViewController.xib */,
			);
			path = Registration;
			sourceTree = "<group>";
		};
		CED293AC2649BDD000EF9B47 /* Network */ = {
			isa = PBXGroup;
			children = (
				CE270BEB2652A49F001A0C90 /* ApplicationError */,
				CED293BB2649C66400EF9B47 /* AuthonticationTargetType.swift */,
				CED293B72649C32600EF9B47 /* Core */,
				CED293AD2649BDD000EF9B47 /* Models */,
			);
			path = Network;
			sourceTree = "<group>";
		};
		CED293AD2649BDD000EF9B47 /* Models */ = {
			isa = PBXGroup;
			children = (
				CED293AE2649BDD000EF9B47 /* Club.swift */,
				CED293AF2649BDD000EF9B47 /* Addres.swift */,
				CEDE3AC1264B200A000DF64E /* User.swift */,
				CE054964264ECF9C00832CF9 /* SuccessRegistration.swift */,
			);
			path = Models;
			sourceTree = "<group>";
		};
		CED293B32649BFB500EF9B47 /* Configuration */ = {
			isa = PBXGroup;
			children = (
				CED293B42649BFD200EF9B47 /* Environment.swift */,
			);
			path = Configuration;
			sourceTree = "<group>";
		};
		CED293B72649C32600EF9B47 /* Core */ = {
			isa = PBXGroup;
			children = (
				CED293B82649C33D00EF9B47 /* NetworkManger.swift */,
			);
			path = Core;
			sourceTree = "<group>";
		};
		CEDE3AB9264AF83B000DF64E /* ViperBases */ = {
			isa = PBXGroup;
			children = (
				CEDE3ABB264AF858000DF64E /* InteractorProtocols.swift */,
			);
			path = ViperBases;
			sourceTree = "<group>";
		};
		CEDE3AC4264B2501000DF64E /* Extension */ = {
			isa = PBXGroup;
			children = (
				CEDE3AC5264B2520000DF64E /* UIViewcontrollerExtension.swift */,
				CE054958264E987200832CF9 /* UITableViewExtensions.swift */,
				CE05495B264E98A700832CF9 /* UITableViewCellExtension.swift */,
			);
			path = Extension;
			sourceTree = "<group>";
		};
		CEDE3AC8264B259C000DF64E /* Services */ = {
			isa = PBXGroup;
			children = (
				CEDE3AC9264B25A4000DF64E /* ConnectionCheck.swift */,
			);
			path = Services;
			sourceTree = "<group>";
		};
		CEDE3AD3264B2782000DF64E /* RegistrationClubs */ = {
			isa = PBXGroup;
			children = (
				CE05495E264E98C800832CF9 /* Cell */,
				CEDE3AD4264B27A2000DF64E /* RegistrationClubsRouter.swift */,
				CE05494D264E88D700832CF9 /* RegistrationClubsViewController.swift */,
				CE05494E264E88D700832CF9 /* RegistrationClubsViewController.xib */,
				CE054952264E895E00832CF9 /* RegistrationClubsPresenter.swift */,
				CE054955264E899200832CF9 /* RegistrationClubsInteractor.swift */,
			);
			path = RegistrationClubs;
			sourceTree = "<group>";
		};
/* End PBXGroup section */

/* Begin PBXNativeTarget section */
		CE90561726497215001CE677 /* 9round */ = {
			isa = PBXNativeTarget;
			buildConfigurationList = CE90562C26497218001CE677 /* Build configuration list for PBXNativeTarget "9round" */;
			buildPhases = (
				CE90561426497215001CE677 /* Sources */,
				CE90561526497215001CE677 /* Frameworks */,
				CE90561626497215001CE677 /* Resources */,
			);
			buildRules = (
			);
			dependencies = (
			);
			name = 9round;
			packageProductDependencies = (
				CE533A162649859800268639 /* SwiftMessages */,
				CE533A1A2649875F00268639 /* PromiseKit */,
				CE533A1E2649A06100268639 /* Moya */,
			);
			productName = 9round;
			productReference = CE90561826497215001CE677 /* 9round.app */;
			productType = "com.apple.product-type.application";
		};
/* End PBXNativeTarget section */

/* Begin PBXProject section */
		CE90561026497215001CE677 /* Project object */ = {
			isa = PBXProject;
			attributes = {
				LastSwiftUpdateCheck = 1240;
				LastUpgradeCheck = 1240;
				TargetAttributes = {
					CE90561726497215001CE677 = {
						CreatedOnToolsVersion = 12.4;
					};
				};
			};
			buildConfigurationList = CE90561326497215001CE677 /* Build configuration list for PBXProject "9round" */;
			compatibilityVersion = "Xcode 9.3";
			developmentRegion = en;
			hasScannedForEncodings = 0;
			knownRegions = (
				en,
				Base,
			);
			mainGroup = CE90560F26497215001CE677;
			packageReferences = (
				CE533A152649859800268639 /* XCRemoteSwiftPackageReference "SwiftMessages" */,
				CE533A192649875F00268639 /* XCRemoteSwiftPackageReference "PromiseKit" */,
				CE533A1D2649A06100268639 /* XCRemoteSwiftPackageReference "Moya" */,
			);
			productRefGroup = CE90561926497215001CE677 /* Products */;
			projectDirPath = "";
			projectRoot = "";
			targets = (
				CE90561726497215001CE677 /* 9round */,
			);
		};
/* End PBXProject section */

/* Begin PBXResourcesBuildPhase section */
		CE90561626497215001CE677 /* Resources */ = {
			isa = PBXResourcesBuildPhase;
			buildActionMask = 2147483647;
			files = (
				CE90562826497218001CE677 /* LaunchScreen.storyboard in Resources */,
				CE90562526497218001CE677 /* Assets.xcassets in Resources */,
				CE90563426497244001CE677 /* RegisterationFormViewController.xib in Resources */,
				CE054962264E98E500832CF9 /* ClubsTableViewCell.xib in Resources */,
				CE89D998265295D400369597 /* ViewController.xib in Resources */,
				CE054950264E88D700832CF9 /* RegistrationClubsViewController.xib in Resources */,
			);
			runOnlyForDeploymentPostprocessing = 0;
		};
/* End PBXResourcesBuildPhase section */

/* Begin PBXSourcesBuildPhase section */
		CE90561426497215001CE677 /* Sources */ = {
			isa = PBXSourcesBuildPhase;
			buildActionMask = 2147483647;
			files = (
				CE054965264ECF9C00832CF9 /* SuccessRegistration.swift in Sources */,
				CE054968264ED1F900832CF9 /* ApplicationRouter.swift in Sources */,
				CE054959264E987200832CF9 /* UITableViewExtensions.swift in Sources */,
				CED293B12649BDD000EF9B47 /* Addres.swift in Sources */,
				CE270BF12652A4CE001A0C90 /* ApplicationError.swift in Sources */,
				CE054956264E899200832CF9 /* RegistrationClubsInteractor.swift in Sources */,
				CEDE3AD1264B2668000DF64E /* RegistrationFormPresenter.swift in Sources */,
				CED293B02649BDD000EF9B47 /* Club.swift in Sources */,
				CED293B92649C33D00EF9B47 /* NetworkManger.swift in Sources */,
				CE89D997265295D400369597 /* ViewController.swift in Sources */,
				CE90561C26497215001CE677 /* AppDelegate.swift in Sources */,
				CEDE3ACE264B264F000DF64E /* RegistrationFormInteractor.swift in Sources */,
				CED293BC2649C66400EF9B47 /* AuthonticationTargetType.swift in Sources */,
				CED293B52649BFD200EF9B47 /* Environment.swift in Sources */,
				CEDE3ABC264AF858000DF64E /* InteractorProtocols.swift in Sources */,
				CE054953264E895E00832CF9 /* RegistrationClubsPresenter.swift in Sources */,
				CE05494F264E88D700832CF9 /* RegistrationClubsViewController.swift in Sources */,
				CEDE3AC6264B2520000DF64E /* UIViewcontrollerExtension.swift in Sources */,
				CEDE3AD5264B27A2000DF64E /* RegistrationClubsRouter.swift in Sources */,
				CEDE3ABF264B1751000DF64E /* RegistrationFormRouter.swift in Sources */,
				CE054961264E98E500832CF9 /* ClubsTableViewCell.swift in Sources */,
				CE270BF22652A4CE001A0C90 /* Meta.swift in Sources */,
				CEDE3ACA264B25A4000DF64E /* ConnectionCheck.swift in Sources */,
				CEDE3AC2264B200A000DF64E /* User.swift in Sources */,
				CE533A252649A08C00268639 /* NiblessNavigationController.swift in Sources */,
				CE270BF02652A4CE001A0C90 /* ResponseStatus.swift in Sources */,
				CE90561E26497215001CE677 /* SceneDelegate.swift in Sources */,
				CE90563326497244001CE677 /* RegisterationFormViewController.swift in Sources */,
				CE270BF32652A4CE001A0C90 /* Error.swift in Sources */,
				CE05495C264E98A700832CF9 /* UITableViewCellExtension.swift in Sources */,
			);
			runOnlyForDeploymentPostprocessing = 0;
		};
/* End PBXSourcesBuildPhase section */

/* Begin PBXVariantGroup section */
		CE90562626497218001CE677 /* LaunchScreen.storyboard */ = {
			isa = PBXVariantGroup;
			children = (
				CE90562726497218001CE677 /* Base */,
			);
			name = LaunchScreen.storyboard;
			sourceTree = "<group>";
		};
/* End PBXVariantGroup section */

/* Begin XCBuildConfiguration section */
		CE90562A26497218001CE677 /* Debug */ = {
			isa = XCBuildConfiguration;
			buildSettings = {
				ALWAYS_SEARCH_USER_PATHS = NO;
				CLANG_ANALYZER_NONNULL = YES;
				CLANG_ANALYZER_NUMBER_OBJECT_CONVERSION = YES_AGGRESSIVE;
				CLANG_CXX_LANGUAGE_STANDARD = "gnu++14";
				CLANG_CXX_LIBRARY = "libc++";
				CLANG_ENABLE_MODULES = YES;
				CLANG_ENABLE_OBJC_ARC = YES;
				CLANG_ENABLE_OBJC_WEAK = YES;
				CLANG_WARN_BLOCK_CAPTURE_AUTORELEASING = YES;
				CLANG_WARN_BOOL_CONVERSION = YES;
				CLANG_WARN_COMMA = YES;
				CLANG_WARN_CONSTANT_CONVERSION = YES;
				CLANG_WARN_DEPRECATED_OBJC_IMPLEMENTATIONS = YES;
				CLANG_WARN_DIRECT_OBJC_ISA_USAGE = YES_ERROR;
				CLANG_WARN_DOCUMENTATION_COMMENTS = YES;
				CLANG_WARN_EMPTY_BODY = YES;
				CLANG_WARN_ENUM_CONVERSION = YES;
				CLANG_WARN_INFINITE_RECURSION = YES;
				CLANG_WARN_INT_CONVERSION = YES;
				CLANG_WARN_NON_LITERAL_NULL_CONVERSION = YES;
				CLANG_WARN_OBJC_IMPLICIT_RETAIN_SELF = YES;
				CLANG_WARN_OBJC_LITERAL_CONVERSION = YES;
				CLANG_WARN_OBJC_ROOT_CLASS = YES_ERROR;
				CLANG_WARN_QUOTED_INCLUDE_IN_FRAMEWORK_HEADER = YES;
				CLANG_WARN_RANGE_LOOP_ANALYSIS = YES;
				CLANG_WARN_STRICT_PROTOTYPES = YES;
				CLANG_WARN_SUSPICIOUS_MOVE = YES;
				CLANG_WARN_UNGUARDED_AVAILABILITY = YES_AGGRESSIVE;
				CLANG_WARN_UNREACHABLE_CODE = YES;
				CLANG_WARN__DUPLICATE_METHOD_MATCH = YES;
				COPY_PHASE_STRIP = NO;
				DEBUG_INFORMATION_FORMAT = dwarf;
				ENABLE_STRICT_OBJC_MSGSEND = YES;
				ENABLE_TESTABILITY = YES;
				GCC_C_LANGUAGE_STANDARD = gnu11;
				GCC_DYNAMIC_NO_PIC = NO;
				GCC_NO_COMMON_BLOCKS = YES;
				GCC_OPTIMIZATION_LEVEL = 0;
				GCC_PREPROCESSOR_DEFINITIONS = (
					"DEBUG=1",
					"$(inherited)",
				);
				GCC_WARN_64_TO_32_BIT_CONVERSION = YES;
				GCC_WARN_ABOUT_RETURN_TYPE = YES_ERROR;
				GCC_WARN_UNDECLARED_SELECTOR = YES;
				GCC_WARN_UNINITIALIZED_AUTOS = YES_AGGRESSIVE;
				GCC_WARN_UNUSED_FUNCTION = YES;
				GCC_WARN_UNUSED_VARIABLE = YES;
				IPHONEOS_DEPLOYMENT_TARGET = 14.4;
				MTL_ENABLE_DEBUG_INFO = INCLUDE_SOURCE;
				MTL_FAST_MATH = YES;
				ONLY_ACTIVE_ARCH = YES;
				SDKROOT = iphoneos;
				SWIFT_ACTIVE_COMPILATION_CONDITIONS = DEBUG;
				SWIFT_OPTIMIZATION_LEVEL = "-Onone";
			};
			name = Debug;
		};
		CE90562B26497218001CE677 /* Release */ = {
			isa = XCBuildConfiguration;
			buildSettings = {
				ALWAYS_SEARCH_USER_PATHS = NO;
				CLANG_ANALYZER_NONNULL = YES;
				CLANG_ANALYZER_NUMBER_OBJECT_CONVERSION = YES_AGGRESSIVE;
				CLANG_CXX_LANGUAGE_STANDARD = "gnu++14";
				CLANG_CXX_LIBRARY = "libc++";
				CLANG_ENABLE_MODULES = YES;
				CLANG_ENABLE_OBJC_ARC = YES;
				CLANG_ENABLE_OBJC_WEAK = YES;
				CLANG_WARN_BLOCK_CAPTURE_AUTORELEASING = YES;
				CLANG_WARN_BOOL_CONVERSION = YES;
				CLANG_WARN_COMMA = YES;
				CLANG_WARN_CONSTANT_CONVERSION = YES;
				CLANG_WARN_DEPRECATED_OBJC_IMPLEMENTATIONS = YES;
				CLANG_WARN_DIRECT_OBJC_ISA_USAGE = YES_ERROR;
				CLANG_WARN_DOCUMENTATION_COMMENTS = YES;
				CLANG_WARN_EMPTY_BODY = YES;
				CLANG_WARN_ENUM_CONVERSION = YES;
				CLANG_WARN_INFINITE_RECURSION = YES;
				CLANG_WARN_INT_CONVERSION = YES;
				CLANG_WARN_NON_LITERAL_NULL_CONVERSION = YES;
				CLANG_WARN_OBJC_IMPLICIT_RETAIN_SELF = YES;
				CLANG_WARN_OBJC_LITERAL_CONVERSION = YES;
				CLANG_WARN_OBJC_ROOT_CLASS = YES_ERROR;
				CLANG_WARN_QUOTED_INCLUDE_IN_FRAMEWORK_HEADER = YES;
				CLANG_WARN_RANGE_LOOP_ANALYSIS = YES;
				CLANG_WARN_STRICT_PROTOTYPES = YES;
				CLANG_WARN_SUSPICIOUS_MOVE = YES;
				CLANG_WARN_UNGUARDED_AVAILABILITY = YES_AGGRESSIVE;
				CLANG_WARN_UNREACHABLE_CODE = YES;
				CLANG_WARN__DUPLICATE_METHOD_MATCH = YES;
				COPY_PHASE_STRIP = NO;
				DEBUG_INFORMATION_FORMAT = "dwarf-with-dsym";
				ENABLE_NS_ASSERTIONS = NO;
				ENABLE_STRICT_OBJC_MSGSEND = YES;
				GCC_C_LANGUAGE_STANDARD = gnu11;
				GCC_NO_COMMON_BLOCKS = YES;
				GCC_WARN_64_TO_32_BIT_CONVERSION = YES;
				GCC_WARN_ABOUT_RETURN_TYPE = YES_ERROR;
				GCC_WARN_UNDECLARED_SELECTOR = YES;
				GCC_WARN_UNINITIALIZED_AUTOS = YES_AGGRESSIVE;
				GCC_WARN_UNUSED_FUNCTION = YES;
				GCC_WARN_UNUSED_VARIABLE = YES;
				IPHONEOS_DEPLOYMENT_TARGET = 14.4;
				MTL_ENABLE_DEBUG_INFO = NO;
				MTL_FAST_MATH = YES;
				SDKROOT = iphoneos;
				SWIFT_COMPILATION_MODE = wholemodule;
				SWIFT_OPTIMIZATION_LEVEL = "-O";
				VALIDATE_PRODUCT = YES;
			};
			name = Release;
		};
		CE90562D26497218001CE677 /* Debug */ = {
			isa = XCBuildConfiguration;
			buildSettings = {
				ASSETCATALOG_COMPILER_APPICON_NAME = AppIcon;
				ASSETCATALOG_COMPILER_GLOBAL_ACCENT_COLOR_NAME = AccentColor;
				CODE_SIGN_STYLE = Automatic;
				DEVELOPMENT_TEAM = 2C86JD592M;
				INFOPLIST_FILE = 9round/SupportingFiles/Info.plist;
				LD_RUNPATH_SEARCH_PATHS = (
					"$(inherited)",
					"@executable_path/Frameworks",
				);
				PRODUCT_BUNDLE_IDENTIFIER = "com.ibtikar.-round";
				PRODUCT_NAME = "$(TARGET_NAME)";
				SWIFT_VERSION = 5.0;
				TARGETED_DEVICE_FAMILY = 1;
			};
			name = Debug;
		};
		CE90562E26497218001CE677 /* Release */ = {
			isa = XCBuildConfiguration;
			buildSettings = {
				ASSETCATALOG_COMPILER_APPICON_NAME = AppIcon;
				ASSETCATALOG_COMPILER_GLOBAL_ACCENT_COLOR_NAME = AccentColor;
				CODE_SIGN_STYLE = Automatic;
				DEVELOPMENT_TEAM = 2C86JD592M;
				INFOPLIST_FILE = 9round/SupportingFiles/Info.plist;
				LD_RUNPATH_SEARCH_PATHS = (
					"$(inherited)",
					"@executable_path/Frameworks",
				);
				PRODUCT_BUNDLE_IDENTIFIER = "com.ibtikar.-round";
				PRODUCT_NAME = "$(TARGET_NAME)";
				SWIFT_VERSION = 5.0;
				TARGETED_DEVICE_FAMILY = 1;
			};
			name = Release;
		};
/* End XCBuildConfiguration section */

/* Begin XCConfigurationList section */
		CE90561326497215001CE677 /* Build configuration list for PBXProject "9round" */ = {
			isa = XCConfigurationList;
			buildConfigurations = (
				CE90562A26497218001CE677 /* Debug */,
				CE90562B26497218001CE677 /* Release */,
			);
			defaultConfigurationIsVisible = 0;
			defaultConfigurationName = Release;
		};
		CE90562C26497218001CE677 /* Build configuration list for PBXNativeTarget "9round" */ = {
			isa = XCConfigurationList;
			buildConfigurations = (
				CE90562D26497218001CE677 /* Debug */,
				CE90562E26497218001CE677 /* Release */,
			);
			defaultConfigurationIsVisible = 0;
			defaultConfigurationName = Release;
		};
/* End XCConfigurationList section */

/* Begin XCRemoteSwiftPackageReference section */
		CE533A152649859800268639 /* XCRemoteSwiftPackageReference "SwiftMessages" */ = {
			isa = XCRemoteSwiftPackageReference;
			repositoryURL = "https://github.com/SwiftKickMobile/SwiftMessages";
			requirement = {
				kind = upToNextMajorVersion;
				minimumVersion = 9.0.2;
			};
		};
		CE533A192649875F00268639 /* XCRemoteSwiftPackageReference "PromiseKit" */ = {
			isa = XCRemoteSwiftPackageReference;
			repositoryURL = "https://github.com/mxcl/PromiseKit";
			requirement = {
				kind = upToNextMajorVersion;
				minimumVersion = 6.13.3;
			};
		};
		CE533A1D2649A06100268639 /* XCRemoteSwiftPackageReference "Moya" */ = {
			isa = XCRemoteSwiftPackageReference;
			repositoryURL = "https://github.com/Moya/Moya";
			requirement = {
				kind = upToNextMajorVersion;
				minimumVersion = 14.0.1;
			};
		};
/* End XCRemoteSwiftPackageReference section */

/* Begin XCSwiftPackageProductDependency section */
		CE533A162649859800268639 /* SwiftMessages */ = {
			isa = XCSwiftPackageProductDependency;
			package = CE533A152649859800268639 /* XCRemoteSwiftPackageReference "SwiftMessages" */;
			productName = SwiftMessages;
		};
		CE533A1A2649875F00268639 /* PromiseKit */ = {
			isa = XCSwiftPackageProductDependency;
			package = CE533A192649875F00268639 /* XCRemoteSwiftPackageReference "PromiseKit" */;
			productName = PromiseKit;
		};
		CE533A1E2649A06100268639 /* Moya */ = {
			isa = XCSwiftPackageProductDependency;
			package = CE533A1D2649A06100268639 /* XCRemoteSwiftPackageReference "Moya" */;
			productName = Moya;
		};
/* End XCSwiftPackageProductDependency section */
	};
	rootObject = CE90561026497215001CE677 /* Project object */;
}
